
Microsoft Visual Studio Solution File, Format Version 12.00
# Visual Studio Version 17
VisualStudioVersion = 17.8.34525.116
MinimumVisualStudioVersion = 10.0.40219.1
Project("{FAE04EC0-301F-11D3-BF4B-00C04F79EFBC}") = "Csharp task", "Csharp task.csproj", "{84185457-92D2-41C4-9D9C-18F6EBBE32AE}"
EndProject
Global
	GlobalSection(SolutionConfigurationPlatforms) = preSolution
		Debug|Any CPU = Debug|Any CPU
		Release|Any CPU = Release|Any CPU
	EndGlobalSection
	GlobalSection(ProjectConfigurationPlatforms) = postSolution
		{84185457-92D2-41C4-9D9C-18F6EBBE32AE}.Debug|Any CPU.ActiveCfg = Debug|Any CPU
		{84185457-92D2-41C4-9D9C-18F6EBBE32AE}.Debug|Any CPU.Build.0 = Debug|Any CPU
		{84185457-92D2-41C4-9D9C-18F6EBBE32AE}.Release|Any CPU.ActiveCfg = Release|Any CPU
		{84185457-92D2-41C4-9D9C-18F6EBBE32AE}.Release|Any CPU.Build.0 = Release|Any CPU
	EndGlobalSection
	GlobalSection(SolutionProperties) = preSolution
		HideSolutionNode = FALSE
	EndGlobalSection
	GlobalSection(ExtensibilityGlobals) = postSolution
		SolutionGuid = {9CDF60B9-E112-4279-B259-8F8884860A63}
	EndGlobalSection
EndGlobal
